{
  "version": 4,
  "terraform_version": "1.0.0",
  "serial": 60,
  "lineage": "b3a33ce3-e198-4180-fb57-5b61c4fbcf83",
  "outputs": {},
  "resources": [
    {
      "module": "module.RG",
      "mode": "managed",
      "type": "azurerm_resource_group",
      "name": "resource_group",
      "provider": "provider[\"registry.terraform.io/hashicorp/azurerm\"]",
      "instances": [
        {
          "schema_version": 0,
          "attributes": {
            "id": "/subscriptions/652077be-d7e2-49de-aaea-d456f141874c/resourceGroups/softdron-cdex-dev-rg",
            "location": "westeurope",
            "name": "softdron-cdex-dev-rg",
            "tags": {
              "application": "softdron",
              "environment": "dev",
              "product": "cdex"
            },
            "timeouts": null
          },
          "sensitive_attributes": [],
          "private": "eyJlMmJmYjczMC1lY2FhLTExZTYtOGY4OC0zNDM2M2JjN2M0YzAiOnsiY3JlYXRlIjo1NDAwMDAwMDAwMDAwLCJkZWxldGUiOjU0MDAwMDAwMDAwMDAsInJlYWQiOjMwMDAwMDAwMDAwMCwidXBkYXRlIjo1NDAwMDAwMDAwMDAwfX0="
        }
      ]
    },
    {
      "module": "module.VM",
      "mode": "managed",
      "type": "azurerm_network_interface",
      "name": "network_interface",
      "provider": "provider[\"registry.terraform.io/hashicorp/azurerm\"]",
      "instances": [
        {
          "schema_version": 0,
          "attributes": {
            "applied_dns_servers": [],
            "dns_servers": [],
            "edge_zone": "",
            "enable_accelerated_networking": false,
            "enable_ip_forwarding": false,
            "id": "/subscriptions/652077be-d7e2-49de-aaea-d456f141874c/resourceGroups/softdron-cdex-dev-rg/providers/Microsoft.Network/networkInterfaces/softdron-cdex-dev-interface",
            "internal_dns_name_label": "",
            "internal_domain_name_suffix": "25xnhxzu1bredpz0leaz5efgvc.ax.internal.cloudapp.net",
            "ip_configuration": [
              {
                "gateway_load_balancer_frontend_ip_configuration_id": "",
                "name": "cloud-config-01",
                "primary": true,
                "private_ip_address": "10.0.1.4",
                "private_ip_address_allocation": "Dynamic",
                "private_ip_address_version": "IPv4",
                "public_ip_address_id": "/subscriptions/652077be-d7e2-49de-aaea-d456f141874c/resourceGroups/softdron-cdex-dev-rg/providers/Microsoft.Network/publicIPAddresses/softdron-cdex-dev-public-ip",
                "subnet_id": "/subscriptions/652077be-d7e2-49de-aaea-d456f141874c/resourceGroups/softdron-cdex-dev-rg/providers/Microsoft.Network/virtualNetworks/softdron-cdex-dev-vnet/subnets/softdron-cdex-dev-subnet-0"
              }
            ],
            "location": "westeurope",
            "mac_address": "",
            "name": "softdron-cdex-dev-interface",
            "private_ip_address": "10.0.1.4",
            "private_ip_addresses": [
              "10.0.1.4"
            ],
            "resource_group_name": "softdron-cdex-dev-rg",
            "tags": {
              "application": "softdron",
              "environment": "dev",
              "product": "cdex"
            },
            "timeouts": null,
            "virtual_machine_id": ""
          },
          "sensitive_attributes": [],
          "private": "eyJlMmJmYjczMC1lY2FhLTExZTYtOGY4OC0zNDM2M2JjN2M0YzAiOnsiY3JlYXRlIjoxODAwMDAwMDAwMDAwLCJkZWxldGUiOjE4MDAwMDAwMDAwMDAsInJlYWQiOjMwMDAwMDAwMDAwMCwidXBkYXRlIjoxODAwMDAwMDAwMDAwfX0=",
          "dependencies": [
            "module.RG.azurerm_resource_group.resource_group",
            "module.VNET.azurerm_public_ip.public_ip",
            "module.VNET.azurerm_subnet.subnet"
          ]
        }
      ]
    },
    {
      "module": "module.VM",
      "mode": "managed",
      "type": "azurerm_virtual_machine",
      "name": "vm",
      "provider": "provider[\"registry.terraform.io/hashicorp/azurerm\"]",
      "instances": [
        {
          "schema_version": 0,
          "attributes": {
            "additional_capabilities": [],
            "availability_set_id": null,
            "boot_diagnostics": [],
            "delete_data_disks_on_termination": true,
            "delete_os_disk_on_termination": true,
            "id": "/subscriptions/652077be-d7e2-49de-aaea-d456f141874c/resourceGroups/softdron-cdex-dev-rg/providers/Microsoft.Compute/virtualMachines/softdron-cdex-dev-vm-dron-01",
            "identity": [],
            "license_type": null,
            "location": "westeurope",
            "name": "softdron-cdex-dev-vm-dron-01",
            "network_interface_ids": [
              "/subscriptions/652077be-d7e2-49de-aaea-d456f141874c/resourceGroups/softdron-cdex-dev-rg/providers/Microsoft.Network/networkInterfaces/softdron-cdex-dev-interface"
            ],
            "os_profile": [
              {
                "admin_password": "",
                "admin_username": "adminvm",
                "computer_name": "softdron.cdex.local",
                "custom_data": ""
              }
            ],
            "os_profile_linux_config": [
              {
                "disable_password_authentication": false,
                "ssh_keys": []
              }
            ],
            "os_profile_secrets": [],
            "os_profile_windows_config": [],
            "plan": [],
            "primary_network_interface_id": null,
            "proximity_placement_group_id": null,
            "resource_group_name": "softdron-cdex-dev-rg",
            "storage_data_disk": [],
            "storage_image_reference": [
              {
                "id": "",
                "offer": "UbuntuServer",
                "publisher": "Canonical",
                "sku": "16.04-LTS",
                "version": "latest"
              }
            ],
            "storage_os_disk": [
              {
                "caching": "ReadWrite",
                "create_option": "FromImage",
                "disk_size_gb": 30,
                "image_uri": "",
                "managed_disk_id": "/subscriptions/652077be-d7e2-49de-aaea-d456f141874c/resourceGroups/softdron-cdex-dev-rg/providers/Microsoft.Compute/disks/softdron-cdex-dev-os-disk--dron-01",
                "managed_disk_type": "Standard_LRS",
                "name": "softdron-cdex-dev-os-disk--dron-01",
                "os_type": "Linux",
                "vhd_uri": "",
                "write_accelerator_enabled": false
              }
            ],
            "tags": {
              "application": "softdron",
              "environment": "dev",
              "product": "cdex"
            },
            "timeouts": null,
            "vm_size": "Standard_DS1_v2",
            "zones": null
          },
          "sensitive_attributes": [],
          "private": "eyJlMmJmYjczMC1lY2FhLTExZTYtOGY4OC0zNDM2M2JjN2M0YzAiOnsiY3JlYXRlIjozNjAwMDAwMDAwMDAwLCJkZWxldGUiOjM2MDAwMDAwMDAwMDAsInJlYWQiOjMwMDAwMDAwMDAwMCwidXBkYXRlIjozNjAwMDAwMDAwMDAwfX0=",
          "dependencies": [
            "module.RG.azurerm_resource_group.resource_group",
            "module.VM.azurerm_network_interface.network_interface",
            "module.VNET.azurerm_public_ip.public_ip",
            "module.VNET.azurerm_subnet.subnet"
          ]
        }
      ]
    },
    {
      "module": "module.VNET",
      "mode": "managed",
      "type": "azurerm_nat_gateway",
      "name": "nat_gateway",
      "provider": "provider[\"registry.terraform.io/hashicorp/azurerm\"]",
      "instances": [
        {
          "schema_version": 0,
          "attributes": {
            "id": "/subscriptions/652077be-d7e2-49de-aaea-d456f141874c/resourceGroups/softdron-cdex-dev-rg/providers/Microsoft.Network/natGateways/softdron-cdex-dev-nat-gateway",
            "idle_timeout_in_minutes": 4,
            "location": "westeurope",
            "name": "softdron-cdex-dev-nat-gateway",
            "resource_group_name": "softdron-cdex-dev-rg",
            "resource_guid": "6a523af4-6c8f-4858-8cc9-c416d63a7782",
            "sku_name": "Standard",
            "tags": {},
            "timeouts": null,
            "zones": []
          },
          "sensitive_attributes": [],
          "private": "eyJlMmJmYjczMC1lY2FhLTExZTYtOGY4OC0zNDM2M2JjN2M0YzAiOnsiY3JlYXRlIjozNjAwMDAwMDAwMDAwLCJkZWxldGUiOjM2MDAwMDAwMDAwMDAsInJlYWQiOjMwMDAwMDAwMDAwMCwidXBkYXRlIjozNjAwMDAwMDAwMDAwfX0=",
          "dependencies": [
            "module.RG.azurerm_resource_group.resource_group"
          ]
        }
      ]
    },
    {
      "module": "module.VNET",
      "mode": "managed",
      "type": "azurerm_public_ip",
      "name": "public_ip",
      "provider": "provider[\"registry.terraform.io/hashicorp/azurerm\"]",
      "instances": [
        {
          "schema_version": 0,
          "attributes": {
            "allocation_method": "Static",
            "ddos_protection_mode": "VirtualNetworkInherited",
            "ddos_protection_plan_id": null,
            "domain_name_label": null,
            "edge_zone": "",
            "fqdn": null,
            "id": "/subscriptions/652077be-d7e2-49de-aaea-d456f141874c/resourceGroups/softdron-cdex-dev-rg/providers/Microsoft.Network/publicIPAddresses/softdron-cdex-dev-public-ip",
            "idle_timeout_in_minutes": 4,
            "ip_address": "20.23.247.224",
            "ip_tags": {},
            "ip_version": "IPv4",
            "location": "westeurope",
            "name": "softdron-cdex-dev-public-ip",
            "public_ip_prefix_id": null,
            "resource_group_name": "softdron-cdex-dev-rg",
            "reverse_fqdn": null,
            "sku": "Standard",
            "sku_tier": "Regional",
            "tags": {},
            "timeouts": null,
            "zones": []
          },
          "sensitive_attributes": [],
          "private": "eyJlMmJmYjczMC1lY2FhLTExZTYtOGY4OC0zNDM2M2JjN2M0YzAiOnsiY3JlYXRlIjoxODAwMDAwMDAwMDAwLCJkZWxldGUiOjE4MDAwMDAwMDAwMDAsInJlYWQiOjMwMDAwMDAwMDAwMCwidXBkYXRlIjoxODAwMDAwMDAwMDAwfX0=",
          "dependencies": [
            "module.RG.azurerm_resource_group.resource_group"
          ]
        }
      ]
    },
    {
      "module": "module.VNET",
      "mode": "managed",
      "type": "azurerm_subnet",
      "name": "subnet",
      "provider": "provider[\"registry.terraform.io/hashicorp/azurerm\"]",
      "instances": [
        {
          "index_key": 0,
          "schema_version": 0,
          "attributes": {
            "address_prefixes": [
              "10.0.1.0/24"
            ],
            "delegation": [],
            "enforce_private_link_endpoint_network_policies": false,
            "enforce_private_link_service_network_policies": false,
            "id": "/subscriptions/652077be-d7e2-49de-aaea-d456f141874c/resourceGroups/softdron-cdex-dev-rg/providers/Microsoft.Network/virtualNetworks/softdron-cdex-dev-vnet/subnets/softdron-cdex-dev-subnet-0",
            "name": "softdron-cdex-dev-subnet-0",
            "private_endpoint_network_policies_enabled": true,
            "private_link_service_network_policies_enabled": true,
            "resource_group_name": "softdron-cdex-dev-rg",
            "service_endpoint_policy_ids": [],
            "service_endpoints": [],
            "timeouts": null,
            "virtual_network_name": "softdron-cdex-dev-vnet"
          },
          "sensitive_attributes": [],
          "private": "eyJlMmJmYjczMC1lY2FhLTExZTYtOGY4OC0zNDM2M2JjN2M0YzAiOnsiY3JlYXRlIjoxODAwMDAwMDAwMDAwLCJkZWxldGUiOjE4MDAwMDAwMDAwMDAsInJlYWQiOjMwMDAwMDAwMDAwMCwidXBkYXRlIjoxODAwMDAwMDAwMDAwfX0=",
          "dependencies": [
            "module.RG.azurerm_resource_group.resource_group",
            "module.VNET.azurerm_virtual_network.vnet"
          ]
        },
        {
          "index_key": 1,
          "schema_version": 0,
          "attributes": {
            "address_prefixes": [
              "10.0.2.0/24"
            ],
            "delegation": [],
            "enforce_private_link_endpoint_network_policies": false,
            "enforce_private_link_service_network_policies": false,
            "id": "/subscriptions/652077be-d7e2-49de-aaea-d456f141874c/resourceGroups/softdron-cdex-dev-rg/providers/Microsoft.Network/virtualNetworks/softdron-cdex-dev-vnet/subnets/softdron-cdex-dev-subnet-1",
            "name": "softdron-cdex-dev-subnet-1",
            "private_endpoint_network_policies_enabled": true,
            "private_link_service_network_policies_enabled": true,
            "resource_group_name": "softdron-cdex-dev-rg",
            "service_endpoint_policy_ids": [],
            "service_endpoints": [],
            "timeouts": null,
            "virtual_network_name": "softdron-cdex-dev-vnet"
          },
          "sensitive_attributes": [],
          "private": "eyJlMmJmYjczMC1lY2FhLTExZTYtOGY4OC0zNDM2M2JjN2M0YzAiOnsiY3JlYXRlIjoxODAwMDAwMDAwMDAwLCJkZWxldGUiOjE4MDAwMDAwMDAwMDAsInJlYWQiOjMwMDAwMDAwMDAwMCwidXBkYXRlIjoxODAwMDAwMDAwMDAwfX0=",
          "dependencies": [
            "module.RG.azurerm_resource_group.resource_group",
            "module.VNET.azurerm_virtual_network.vnet"
          ]
        },
        {
          "index_key": 2,
          "schema_version": 0,
          "attributes": {
            "address_prefixes": [
              "10.0.3.0/24"
            ],
            "delegation": [],
            "enforce_private_link_endpoint_network_policies": false,
            "enforce_private_link_service_network_policies": false,
            "id": "/subscriptions/652077be-d7e2-49de-aaea-d456f141874c/resourceGroups/softdron-cdex-dev-rg/providers/Microsoft.Network/virtualNetworks/softdron-cdex-dev-vnet/subnets/softdron-cdex-dev-subnet-2",
            "name": "softdron-cdex-dev-subnet-2",
            "private_endpoint_network_policies_enabled": true,
            "private_link_service_network_policies_enabled": true,
            "resource_group_name": "softdron-cdex-dev-rg",
            "service_endpoint_policy_ids": [],
            "service_endpoints": [],
            "timeouts": null,
            "virtual_network_name": "softdron-cdex-dev-vnet"
          },
          "sensitive_attributes": [],
          "private": "eyJlMmJmYjczMC1lY2FhLTExZTYtOGY4OC0zNDM2M2JjN2M0YzAiOnsiY3JlYXRlIjoxODAwMDAwMDAwMDAwLCJkZWxldGUiOjE4MDAwMDAwMDAwMDAsInJlYWQiOjMwMDAwMDAwMDAwMCwidXBkYXRlIjoxODAwMDAwMDAwMDAwfX0=",
          "dependencies": [
            "module.RG.azurerm_resource_group.resource_group",
            "module.VNET.azurerm_virtual_network.vnet"
          ]
        },
        {
          "index_key": 3,
          "schema_version": 0,
          "attributes": {
            "address_prefixes": [
              "10.0.4.0/24"
            ],
            "delegation": [],
            "enforce_private_link_endpoint_network_policies": false,
            "enforce_private_link_service_network_policies": false,
            "id": "/subscriptions/652077be-d7e2-49de-aaea-d456f141874c/resourceGroups/softdron-cdex-dev-rg/providers/Microsoft.Network/virtualNetworks/softdron-cdex-dev-vnet/subnets/softdron-cdex-dev-subnet-3",
            "name": "softdron-cdex-dev-subnet-3",
            "private_endpoint_network_policies_enabled": true,
            "private_link_service_network_policies_enabled": true,
            "resource_group_name": "softdron-cdex-dev-rg",
            "service_endpoint_policy_ids": [],
            "service_endpoints": [],
            "timeouts": null,
            "virtual_network_name": "softdron-cdex-dev-vnet"
          },
          "sensitive_attributes": [],
          "private": "eyJlMmJmYjczMC1lY2FhLTExZTYtOGY4OC0zNDM2M2JjN2M0YzAiOnsiY3JlYXRlIjoxODAwMDAwMDAwMDAwLCJkZWxldGUiOjE4MDAwMDAwMDAwMDAsInJlYWQiOjMwMDAwMDAwMDAwMCwidXBkYXRlIjoxODAwMDAwMDAwMDAwfX0=",
          "dependencies": [
            "module.RG.azurerm_resource_group.resource_group",
            "module.VNET.azurerm_virtual_network.vnet"
          ]
        }
      ]
    },
    {
      "module": "module.VNET",
      "mode": "managed",
      "type": "azurerm_subnet_nat_gateway_association",
      "name": "nat_gateway_subnet_association",
      "provider": "provider[\"registry.terraform.io/hashicorp/azurerm\"]",
      "instances": [
        {
          "index_key": 0,
          "schema_version": 0,
          "attributes": {
            "id": "/subscriptions/652077be-d7e2-49de-aaea-d456f141874c/resourceGroups/softdron-cdex-dev-rg/providers/Microsoft.Network/virtualNetworks/softdron-cdex-dev-vnet/subnets/softdron-cdex-dev-subnet-0",
            "nat_gateway_id": "/subscriptions/652077be-d7e2-49de-aaea-d456f141874c/resourceGroups/softdron-cdex-dev-rg/providers/Microsoft.Network/natGateways/softdron-cdex-dev-nat-gateway",
            "subnet_id": "/subscriptions/652077be-d7e2-49de-aaea-d456f141874c/resourceGroups/softdron-cdex-dev-rg/providers/Microsoft.Network/virtualNetworks/softdron-cdex-dev-vnet/subnets/softdron-cdex-dev-subnet-0",
            "timeouts": null
          },
          "sensitive_attributes": [],
          "private": "eyJlMmJmYjczMC1lY2FhLTExZTYtOGY4OC0zNDM2M2JjN2M0YzAiOnsiY3JlYXRlIjoxODAwMDAwMDAwMDAwLCJkZWxldGUiOjE4MDAwMDAwMDAwMDAsInJlYWQiOjMwMDAwMDAwMDAwMCwidXBkYXRlIjoxODAwMDAwMDAwMDAwfX0=",
          "dependencies": [
            "module.RG.azurerm_resource_group.resource_group",
            "module.VNET.azurerm_nat_gateway.nat_gateway",
            "module.VNET.azurerm_subnet.subnet",
            "module.VNET.azurerm_virtual_network.vnet"
          ]
        },
        {
          "index_key": 1,
          "schema_version": 0,
          "attributes": {
            "id": "/subscriptions/652077be-d7e2-49de-aaea-d456f141874c/resourceGroups/softdron-cdex-dev-rg/providers/Microsoft.Network/virtualNetworks/softdron-cdex-dev-vnet/subnets/softdron-cdex-dev-subnet-1",
            "nat_gateway_id": "/subscriptions/652077be-d7e2-49de-aaea-d456f141874c/resourceGroups/softdron-cdex-dev-rg/providers/Microsoft.Network/natGateways/softdron-cdex-dev-nat-gateway",
            "subnet_id": "/subscriptions/652077be-d7e2-49de-aaea-d456f141874c/resourceGroups/softdron-cdex-dev-rg/providers/Microsoft.Network/virtualNetworks/softdron-cdex-dev-vnet/subnets/softdron-cdex-dev-subnet-1",
            "timeouts": null
          },
          "sensitive_attributes": [],
          "private": "eyJlMmJmYjczMC1lY2FhLTExZTYtOGY4OC0zNDM2M2JjN2M0YzAiOnsiY3JlYXRlIjoxODAwMDAwMDAwMDAwLCJkZWxldGUiOjE4MDAwMDAwMDAwMDAsInJlYWQiOjMwMDAwMDAwMDAwMCwidXBkYXRlIjoxODAwMDAwMDAwMDAwfX0=",
          "dependencies": [
            "module.RG.azurerm_resource_group.resource_group",
            "module.VNET.azurerm_nat_gateway.nat_gateway",
            "module.VNET.azurerm_subnet.subnet",
            "module.VNET.azurerm_virtual_network.vnet"
          ]
        },
        {
          "index_key": 2,
          "schema_version": 0,
          "attributes": {
            "id": "/subscriptions/652077be-d7e2-49de-aaea-d456f141874c/resourceGroups/softdron-cdex-dev-rg/providers/Microsoft.Network/virtualNetworks/softdron-cdex-dev-vnet/subnets/softdron-cdex-dev-subnet-2",
            "nat_gateway_id": "/subscriptions/652077be-d7e2-49de-aaea-d456f141874c/resourceGroups/softdron-cdex-dev-rg/providers/Microsoft.Network/natGateways/softdron-cdex-dev-nat-gateway",
            "subnet_id": "/subscriptions/652077be-d7e2-49de-aaea-d456f141874c/resourceGroups/softdron-cdex-dev-rg/providers/Microsoft.Network/virtualNetworks/softdron-cdex-dev-vnet/subnets/softdron-cdex-dev-subnet-2",
            "timeouts": null
          },
          "sensitive_attributes": [],
          "private": "eyJlMmJmYjczMC1lY2FhLTExZTYtOGY4OC0zNDM2M2JjN2M0YzAiOnsiY3JlYXRlIjoxODAwMDAwMDAwMDAwLCJkZWxldGUiOjE4MDAwMDAwMDAwMDAsInJlYWQiOjMwMDAwMDAwMDAwMCwidXBkYXRlIjoxODAwMDAwMDAwMDAwfX0=",
          "dependencies": [
            "module.RG.azurerm_resource_group.resource_group",
            "module.VNET.azurerm_nat_gateway.nat_gateway",
            "module.VNET.azurerm_subnet.subnet",
            "module.VNET.azurerm_virtual_network.vnet"
          ]
        },
        {
          "index_key": 3,
          "schema_version": 0,
          "attributes": {
            "id": "/subscriptions/652077be-d7e2-49de-aaea-d456f141874c/resourceGroups/softdron-cdex-dev-rg/providers/Microsoft.Network/virtualNetworks/softdron-cdex-dev-vnet/subnets/softdron-cdex-dev-subnet-3",
            "nat_gateway_id": "/subscriptions/652077be-d7e2-49de-aaea-d456f141874c/resourceGroups/softdron-cdex-dev-rg/providers/Microsoft.Network/natGateways/softdron-cdex-dev-nat-gateway",
            "subnet_id": "/subscriptions/652077be-d7e2-49de-aaea-d456f141874c/resourceGroups/softdron-cdex-dev-rg/providers/Microsoft.Network/virtualNetworks/softdron-cdex-dev-vnet/subnets/softdron-cdex-dev-subnet-3",
            "timeouts": null
          },
          "sensitive_attributes": [],
          "private": "eyJlMmJmYjczMC1lY2FhLTExZTYtOGY4OC0zNDM2M2JjN2M0YzAiOnsiY3JlYXRlIjoxODAwMDAwMDAwMDAwLCJkZWxldGUiOjE4MDAwMDAwMDAwMDAsInJlYWQiOjMwMDAwMDAwMDAwMCwidXBkYXRlIjoxODAwMDAwMDAwMDAwfX0=",
          "dependencies": [
            "module.VNET.azurerm_subnet.subnet",
            "module.VNET.azurerm_virtual_network.vnet",
            "module.RG.azurerm_resource_group.resource_group",
            "module.VNET.azurerm_nat_gateway.nat_gateway"
          ]
        }
      ]
    },
    {
      "module": "module.VNET",
      "mode": "managed",
      "type": "azurerm_virtual_network",
      "name": "vnet",
      "provider": "provider[\"registry.terraform.io/hashicorp/azurerm\"]",
      "instances": [
        {
          "schema_version": 0,
          "attributes": {
            "address_space": [
              "10.0.0.0/16"
            ],
            "bgp_community": "",
            "ddos_protection_plan": [],
            "dns_servers": [],
            "edge_zone": "",
            "flow_timeout_in_minutes": 0,
            "guid": "dfd3eee7-d834-4162-bf3a-59019f90a6aa",
            "id": "/subscriptions/652077be-d7e2-49de-aaea-d456f141874c/resourceGroups/softdron-cdex-dev-rg/providers/Microsoft.Network/virtualNetworks/softdron-cdex-dev-vnet",
            "location": "westeurope",
            "name": "softdron-cdex-dev-vnet",
            "resource_group_name": "softdron-cdex-dev-rg",
            "subnet": [
              {
                "address_prefix": "10.0.1.0/24",
                "id": "/subscriptions/652077be-d7e2-49de-aaea-d456f141874c/resourceGroups/softdron-cdex-dev-rg/providers/Microsoft.Network/virtualNetworks/softdron-cdex-dev-vnet/subnets/softdron-cdex-dev-subnet-0",
                "name": "softdron-cdex-dev-subnet-0",
                "security_group": ""
              },
              {
                "address_prefix": "10.0.2.0/24",
                "id": "/subscriptions/652077be-d7e2-49de-aaea-d456f141874c/resourceGroups/softdron-cdex-dev-rg/providers/Microsoft.Network/virtualNetworks/softdron-cdex-dev-vnet/subnets/softdron-cdex-dev-subnet-1",
                "name": "softdron-cdex-dev-subnet-1",
                "security_group": ""
              },
              {
                "address_prefix": "10.0.3.0/24",
                "id": "/subscriptions/652077be-d7e2-49de-aaea-d456f141874c/resourceGroups/softdron-cdex-dev-rg/providers/Microsoft.Network/virtualNetworks/softdron-cdex-dev-vnet/subnets/softdron-cdex-dev-subnet-2",
                "name": "softdron-cdex-dev-subnet-2",
                "security_group": ""
              },
              {
                "address_prefix": "10.0.4.0/24",
                "id": "/subscriptions/652077be-d7e2-49de-aaea-d456f141874c/resourceGroups/softdron-cdex-dev-rg/providers/Microsoft.Network/virtualNetworks/softdron-cdex-dev-vnet/subnets/softdron-cdex-dev-subnet-3",
                "name": "softdron-cdex-dev-subnet-3",
                "security_group": ""
              }
            ],
            "tags": {
              "application": "softdron",
              "environment": "dev",
              "product": "cdex"
            },
            "timeouts": null
          },
          "sensitive_attributes": [],
          "private": "eyJlMmJmYjczMC1lY2FhLTExZTYtOGY4OC0zNDM2M2JjN2M0YzAiOnsiY3JlYXRlIjoxODAwMDAwMDAwMDAwLCJkZWxldGUiOjE4MDAwMDAwMDAwMDAsInJlYWQiOjMwMDAwMDAwMDAwMCwidXBkYXRlIjoxODAwMDAwMDAwMDAwfX0=",
          "dependencies": [
            "module.RG.azurerm_resource_group.resource_group"
          ]
        }
      ]
    }
  ]
}
